
Microsoft Visual Studio Solution File, Format Version 12.00
# Visual Studio Version 17
VisualStudioVersion = 17.4.33122.133
MinimumVisualStudioVersion = 10.0.40219.1
Project("{FAE04EC0-301F-11D3-BF4B-00C04F79EFBC}") = "CatalogoMinAPI", "CatalogoMinAPI\CatalogoMinAPI.csproj", "{4B34770D-197A-4A40-9DCC-D6AF113B3F9E}"
EndProject
Global
	GlobalSection(SolutionConfigurationPlatforms) = preSolution
		Debug|Any CPU = Debug|Any CPU
		Release|Any CPU = Release|Any CPU
	EndGlobalSection
	GlobalSection(ProjectConfigurationPlatforms) = postSolution
		{4B34770D-197A-4A40-9DCC-D6AF113B3F9E}.Debug|Any CPU.ActiveCfg = Debug|Any CPU
		{4B34770D-197A-4A40-9DCC-D6AF113B3F9E}.Debug|Any CPU.Build.0 = Debug|Any CPU
		{4B34770D-197A-4A40-9DCC-D6AF113B3F9E}.Release|Any CPU.ActiveCfg = Release|Any CPU
		{4B34770D-197A-4A40-9DCC-D6AF113B3F9E}.Release|Any CPU.Build.0 = Release|Any CPU
	EndGlobalSection
	GlobalSection(SolutionProperties) = preSolution
		HideSolutionNode = FALSE
	EndGlobalSection
	GlobalSection(ExtensibilityGlobals) = postSolution
		SolutionGuid = {8D8B70B0-3EBB-4581-AD75-146385460B8C}
	EndGlobalSection
EndGlobal
